
Microsoft Visual Studio Solution File, Format Version 12.00
# Visual Studio Version 16
VisualStudioVersion = 16.0.31321.278
MinimumVisualStudioVersion = 10.0.40219.1
Project("{FAE04EC0-301F-11D3-BF4B-00C04F79EFBC}") = "WinFormsApp_Coffee", "WinFormsApp_Coffee\WinFormsApp_Coffee.csproj", "{DF745D2C-23CE-44BB-BE2D-8DEE2E4AE9FC}"
EndProject
Global
	GlobalSection(SolutionConfigurationPlatforms) = preSolution
		Debug|Any CPU = Debug|Any CPU
		Release|Any CPU = Release|Any CPU
	EndGlobalSection
	GlobalSection(ProjectConfigurationPlatforms) = postSolution
		{DF745D2C-23CE-44BB-BE2D-8DEE2E4AE9FC}.Debug|Any CPU.ActiveCfg = Debug|Any CPU
		{DF745D2C-23CE-44BB-BE2D-8DEE2E4AE9FC}.Debug|Any CPU.Build.0 = Debug|Any CPU
		{DF745D2C-23CE-44BB-BE2D-8DEE2E4AE9FC}.Release|Any CPU.ActiveCfg = Release|Any CPU
		{DF745D2C-23CE-44BB-BE2D-8DEE2E4AE9FC}.Release|Any CPU.Build.0 = Release|Any CPU
	EndGlobalSection
	GlobalSection(SolutionProperties) = preSolution
		HideSolutionNode = FALSE
	EndGlobalSection
	GlobalSection(ExtensibilityGlobals) = postSolution
		SolutionGuid = {73EAE293-C435-41B1-BC02-1FDFD5BEB357}
	EndGlobalSection
EndGlobal
